
Microsoft Visual Studio Solution File, Format Version 12.00
# Visual Studio Version 17
VisualStudioVersion = 17.8.34525.116
MinimumVisualStudioVersion = 10.0.40219.1
Project("{FAE04EC0-301F-11D3-BF4B-00C04F79EFBC}") = "graphics_lab_1_2", "graphics_lab_1_2.csproj", "{F7B571F5-501A-4DAD-A0C7-7F8318D189E0}"
EndProject
Global
	GlobalSection(SolutionConfigurationPlatforms) = preSolution
		Debug|Any CPU = Debug|Any CPU
		Release|Any CPU = Release|Any CPU
	EndGlobalSection
	GlobalSection(ProjectConfigurationPlatforms) = postSolution
		{F7B571F5-501A-4DAD-A0C7-7F8318D189E0}.Debug|Any CPU.ActiveCfg = Debug|Any CPU
		{F7B571F5-501A-4DAD-A0C7-7F8318D189E0}.Debug|Any CPU.Build.0 = Debug|Any CPU
		{F7B571F5-501A-4DAD-A0C7-7F8318D189E0}.Release|Any CPU.ActiveCfg = Release|Any CPU
		{F7B571F5-501A-4DAD-A0C7-7F8318D189E0}.Release|Any CPU.Build.0 = Release|Any CPU
	EndGlobalSection
	GlobalSection(SolutionProperties) = preSolution
		HideSolutionNode = FALSE
	EndGlobalSection
	GlobalSection(ExtensibilityGlobals) = postSolution
		SolutionGuid = {1F736776-52AB-47AC-A0C6-7C54294D3F0D}
	EndGlobalSection
EndGlobal
